
Microsoft Visual Studio Solution File, Format Version 12.00
# Visual Studio Version 16
VisualStudioVersion = 25.0.1705.0
MinimumVisualStudioVersion = 10.0.40219.1
Project("{FAE04EC0-301F-11D3-BF4B-00C04F79EFBC}") = "KanyeWest", "KanyeWest\KanyeWest.csproj", "{1D05E1E6-78B3-4FEC-8795-E3EF6C6DBDF9}"
EndProject
Global
	GlobalSection(SolutionConfigurationPlatforms) = preSolution
		Debug|Any CPU = Debug|Any CPU
		Release|Any CPU = Release|Any CPU
	EndGlobalSection
	GlobalSection(ProjectConfigurationPlatforms) = postSolution
		{1D05E1E6-78B3-4FEC-8795-E3EF6C6DBDF9}.Debug|Any CPU.ActiveCfg = Debug|Any CPU
		{1D05E1E6-78B3-4FEC-8795-E3EF6C6DBDF9}.Debug|Any CPU.Build.0 = Debug|Any CPU
		{1D05E1E6-78B3-4FEC-8795-E3EF6C6DBDF9}.Release|Any CPU.ActiveCfg = Release|Any CPU
		{1D05E1E6-78B3-4FEC-8795-E3EF6C6DBDF9}.Release|Any CPU.Build.0 = Release|Any CPU
	EndGlobalSection
	GlobalSection(SolutionProperties) = preSolution
		HideSolutionNode = FALSE
	EndGlobalSection
	GlobalSection(ExtensibilityGlobals) = postSolution
		SolutionGuid = {3C9FE0B9-DC4A-4A77-93BF-FBEEE3D92887}
	EndGlobalSection
EndGlobal
